
Microsoft Visual Studio Solution File, Format Version 12.00
# Visual Studio Version 17
VisualStudioVersion = 17.3.32922.545
MinimumVisualStudioVersion = 10.0.40219.1
Project("{FAE04EC0-301F-11D3-BF4B-00C04F79EFBC}") = "ExArquivos01", "ExArquivos01\ExArquivos01.csproj", "{4131BB30-6E60-4D6F-B7F0-78775F6B511C}"
EndProject
Global
	GlobalSection(SolutionConfigurationPlatforms) = preSolution
		Debug|Any CPU = Debug|Any CPU
		Release|Any CPU = Release|Any CPU
	EndGlobalSection
	GlobalSection(ProjectConfigurationPlatforms) = postSolution
		{4131BB30-6E60-4D6F-B7F0-78775F6B511C}.Debug|Any CPU.ActiveCfg = Debug|Any CPU
		{4131BB30-6E60-4D6F-B7F0-78775F6B511C}.Debug|Any CPU.Build.0 = Debug|Any CPU
		{4131BB30-6E60-4D6F-B7F0-78775F6B511C}.Release|Any CPU.ActiveCfg = Release|Any CPU
		{4131BB30-6E60-4D6F-B7F0-78775F6B511C}.Release|Any CPU.Build.0 = Release|Any CPU
	EndGlobalSection
	GlobalSection(SolutionProperties) = preSolution
		HideSolutionNode = FALSE
	EndGlobalSection
	GlobalSection(ExtensibilityGlobals) = postSolution
		SolutionGuid = {710BD6F7-4B95-4297-ABD4-3980276F0062}
	EndGlobalSection
EndGlobal
